// !$*UTF8*$!
{
	archiveVersion = 1;
	classes = {
	};
	objectVersion = 55;
	objects = {

/* Begin PBXBuildFile section */
		7B653F2828F94B19003C35AE /* MapView.swift in Sources */ = {isa = PBXBuildFile; fileRef = 7B653F2728F94B19003C35AE /* MapView.swift */; };
		7B653F2A28F96D75003C35AE /* NodeView.swift in Sources */ = {isa = PBXBuildFile; fileRef = 7B653F2928F96D75003C35AE /* NodeView.swift */; };
		7B653F2C28FF0968003C35AE /* TapGesture.swift in Sources */ = {isa = PBXBuildFile; fileRef = 7B653F2B28FF0968003C35AE /* TapGesture.swift */; };
		7B653F2E28FF0F6E003C35AE /* CGPointExtension.swift in Sources */ = {isa = PBXBuildFile; fileRef = 7B653F2D28FF0F6E003C35AE /* CGPointExtension.swift */; };
		7B653F3028FF15CF003C35AE /* EdgeView.swift in Sources */ = {isa = PBXBuildFile; fileRef = 7B653F2F28FF15CF003C35AE /* EdgeView.swift */; };
		7B7D6F0F28F93D7E00FC43DD /* PathDemoApp.swift in Sources */ = {isa = PBXBuildFile; fileRef = 7B7D6F0E28F93D7E00FC43DD /* PathDemoApp.swift */; };
		7B7D6F1128F93D7E00FC43DD /* ContentView.swift in Sources */ = {isa = PBXBuildFile; fileRef = 7B7D6F1028F93D7E00FC43DD /* ContentView.swift */; };
		7B7D6F1328F93D7F00FC43DD /* Assets.xcassets in Resources */ = {isa = PBXBuildFile; fileRef = 7B7D6F1228F93D7F00FC43DD /* Assets.xcassets */; };
		7B7D6F1628F93D7F00FC43DD /* Preview Assets.xcassets in Resources */ = {isa = PBXBuildFile; fileRef = 7B7D6F1528F93D7F00FC43DD /* Preview Assets.xcassets */; };
		7B7D6F2428F941A300FC43DD /* PathFinder in Frameworks */ = {isa = PBXBuildFile; productRef = 7B7D6F2328F941A300FC43DD /* PathFinder */; };
/* End PBXBuildFile section */

/* Begin PBXFileReference section */
		7B653F2728F94B19003C35AE /* MapView.swift */ = {isa = PBXFileReference; lastKnownFileType = sourcecode.swift; path = MapView.swift; sourceTree = "<group>"; };
		7B653F2928F96D75003C35AE /* NodeView.swift */ = {isa = PBXFileReference; lastKnownFileType = sourcecode.swift; path = NodeView.swift; sourceTree = "<group>"; };
		7B653F2B28FF0968003C35AE /* TapGesture.swift */ = {isa = PBXFileReference; lastKnownFileType = sourcecode.swift; path = TapGesture.swift; sourceTree = "<group>"; };
		7B653F2D28FF0F6E003C35AE /* CGPointExtension.swift */ = {isa = PBXFileReference; lastKnownFileType = sourcecode.swift; path = CGPointExtension.swift; sourceTree = "<group>"; };
		7B653F2F28FF15CF003C35AE /* EdgeView.swift */ = {isa = PBXFileReference; lastKnownFileType = sourcecode.swift; path = EdgeView.swift; sourceTree = "<group>"; };
		7B7D6F0B28F93D7E00FC43DD /* PathDemo.app */ = {isa = PBXFileReference; explicitFileType = wrapper.application; includeInIndex = 0; path = PathDemo.app; sourceTree = BUILT_PRODUCTS_DIR; };
		7B7D6F0E28F93D7E00FC43DD /* PathDemoApp.swift */ = {isa = PBXFileReference; lastKnownFileType = sourcecode.swift; path = PathDemoApp.swift; sourceTree = "<group>"; };
		7B7D6F1028F93D7E00FC43DD /* ContentView.swift */ = {isa = PBXFileReference; lastKnownFileType = sourcecode.swift; path = ContentView.swift; sourceTree = "<group>"; };
		7B7D6F1228F93D7F00FC43DD /* Assets.xcassets */ = {isa = PBXFileReference; lastKnownFileType = folder.assetcatalog; path = Assets.xcassets; sourceTree = "<group>"; };
		7B7D6F1528F93D7F00FC43DD /* Preview Assets.xcassets */ = {isa = PBXFileReference; lastKnownFileType = folder.assetcatalog; path = "Preview Assets.xcassets"; sourceTree = "<group>"; };
		7B7D6F2128F940A300FC43DD /* PathFinder */ = {isa = PBXFileReference; lastKnownFileType = wrapper; name = PathFinder; path = ..; sourceTree = "<group>"; };
/* End PBXFileReference section */

/* Begin PBXFrameworksBuildPhase section */
		7B7D6F0828F93D7E00FC43DD /* Frameworks */ = {
			isa = PBXFrameworksBuildPhase;
			buildActionMask = 2147483647;
			files = (
				7B7D6F2428F941A300FC43DD /* PathFinder in Frameworks */,
			);
			runOnlyForDeploymentPostprocessing = 0;
		};
/* End PBXFrameworksBuildPhase section */

/* Begin PBXGroup section */
		7B653F2628F94B07003C35AE /* Views */ = {
			isa = PBXGroup;
			children = (
				7B653F2728F94B19003C35AE /* MapView.swift */,
				7B653F2928F96D75003C35AE /* NodeView.swift */,
				7B653F2F28FF15CF003C35AE /* EdgeView.swift */,
				7B653F2B28FF0968003C35AE /* TapGesture.swift */,
				7B653F2D28FF0F6E003C35AE /* CGPointExtension.swift */,
			);
			path = Views;
			sourceTree = "<group>";
		};
		7B7D6F0228F93D7E00FC43DD = {
			isa = PBXGroup;
			children = (
				7B7D6F1C28F93E6D00FC43DD /* Packages */,
				7B7D6F0D28F93D7E00FC43DD /* PathDemo */,
				7B7D6F0C28F93D7E00FC43DD /* Products */,
				7B7D6F2228F941A300FC43DD /* Frameworks */,
			);
			sourceTree = "<group>";
		};
		7B7D6F0C28F93D7E00FC43DD /* Products */ = {
			isa = PBXGroup;
			children = (
				7B7D6F0B28F93D7E00FC43DD /* PathDemo.app */,
			);
			name = Products;
			sourceTree = "<group>";
		};
		7B7D6F0D28F93D7E00FC43DD /* PathDemo */ = {
			isa = PBXGroup;
			children = (
				7B7D6F0E28F93D7E00FC43DD /* PathDemoApp.swift */,
				7B7D6F1028F93D7E00FC43DD /* ContentView.swift */,
				7B653F2628F94B07003C35AE /* Views */,
				7B7D6F1228F93D7F00FC43DD /* Assets.xcassets */,
				7B7D6F1428F93D7F00FC43DD /* Preview Content */,
			);
			path = PathDemo;
			sourceTree = "<group>";
		};
		7B7D6F1428F93D7F00FC43DD /* Preview Content */ = {
			isa = PBXGroup;
			children = (
				7B7D6F1528F93D7F00FC43DD /* Preview Assets.xcassets */,
			);
			path = "Preview Content";
			sourceTree = "<group>";
		};
		7B7D6F1C28F93E6D00FC43DD /* Packages */ = {
			isa = PBXGroup;
			children = (
				7B7D6F2128F940A300FC43DD /* PathFinder */,
			);
			name = Packages;
			sourceTree = "<group>";
		};
		7B7D6F2228F941A300FC43DD /* Frameworks */ = {
			isa = PBXGroup;
			children = (
			);
			name = Frameworks;
			sourceTree = "<group>";
		};
/* End PBXGroup section */

/* Begin PBXNativeTarget section */
		7B7D6F0A28F93D7E00FC43DD /* PathDemo */ = {
			isa = PBXNativeTarget;
			buildConfigurationList = 7B7D6F1928F93D7F00FC43DD /* Build configuration list for PBXNativeTarget "PathDemo" */;
			buildPhases = (
				7B7D6F0728F93D7E00FC43DD /* Sources */,
				7B7D6F0828F93D7E00FC43DD /* Frameworks */,
				7B7D6F0928F93D7E00FC43DD /* Resources */,
			);
			buildRules = (
			);
			dependencies = (
			);
			name = PathDemo;
			packageProductDependencies = (
				7B7D6F2328F941A300FC43DD /* PathFinder */,
			);
			productName = PathDemo;
			productReference = 7B7D6F0B28F93D7E00FC43DD /* PathDemo.app */;
			productType = "com.apple.product-type.application";
		};
/* End PBXNativeTarget section */

/* Begin PBXProject section */
		7B7D6F0328F93D7E00FC43DD /* Project object */ = {
			isa = PBXProject;
			attributes = {
				BuildIndependentTargetsInParallel = 1;
				LastSwiftUpdateCheck = 1320;
				LastUpgradeCheck = 1320;
				TargetAttributes = {
					7B7D6F0A28F93D7E00FC43DD = {
						CreatedOnToolsVersion = 13.2;
					};
				};
			};
			buildConfigurationList = 7B7D6F0628F93D7E00FC43DD /* Build configuration list for PBXProject "PathDemo" */;
			compatibilityVersion = "Xcode 13.0";
			developmentRegion = en;
			hasScannedForEncodings = 0;
			knownRegions = (
				en,
				Base,
			);
			mainGroup = 7B7D6F0228F93D7E00FC43DD;
			productRefGroup = 7B7D6F0C28F93D7E00FC43DD /* Products */;
			projectDirPath = "";
			projectRoot = "";
			targets = (
				7B7D6F0A28F93D7E00FC43DD /* PathDemo */,
			);
		};
/* End PBXProject section */

/* Begin PBXResourcesBuildPhase section */
		7B7D6F0928F93D7E00FC43DD /* Resources */ = {
			isa = PBXResourcesBuildPhase;
			buildActionMask = 2147483647;
			files = (
				7B7D6F1628F93D7F00FC43DD /* Preview Assets.xcassets in Resources */,
				7B7D6F1328F93D7F00FC43DD /* Assets.xcassets in Resources */,
			);
			runOnlyForDeploymentPostprocessing = 0;
		};
/* End PBXResourcesBuildPhase section */

/* Begin PBXSourcesBuildPhase section */
		7B7D6F0728F93D7E00FC43DD /* Sources */ = {
			isa = PBXSourcesBuildPhase;
			buildActionMask = 2147483647;
			files = (
				7B7D6F1128F93D7E00FC43DD /* ContentView.swift in Sources */,
				7B653F2A28F96D75003C35AE /* NodeView.swift in Sources */,
				7B653F3028FF15CF003C35AE /* EdgeView.swift in Sources */,
				7B653F2E28FF0F6E003C35AE /* CGPointExtension.swift in Sources */,
				7B653F2C28FF0968003C35AE /* TapGesture.swift in Sources */,
				7B653F2828F94B19003C35AE /* MapView.swift in Sources */,
				7B7D6F0F28F93D7E00FC43DD /* PathDemoApp.swift in Sources */,
			);
			runOnlyForDeploymentPostprocessing = 0;
		};
/* End PBXSourcesBuildPhase section */

/* Begin XCBuildConfiguration section */
		7B7D6F1728F93D7F00FC43DD /* Debug */ = {
			isa = XCBuildConfiguration;
			buildSettings = {
				ALWAYS_SEARCH_USER_PATHS = NO;
				CLANG_ANALYZER_NONNULL = YES;
				CLANG_ANALYZER_NUMBER_OBJECT_CONVERSION = YES_AGGRESSIVE;
				CLANG_CXX_LANGUAGE_STANDARD = "gnu++17";
				CLANG_CXX_LIBRARY = "libc++";
				CLANG_ENABLE_MODULES = YES;
				CLANG_ENABLE_OBJC_ARC = YES;
				CLANG_ENABLE_OBJC_WEAK = YES;
				CLANG_WARN_BLOCK_CAPTURE_AUTORELEASING = YES;
				CLANG_WARN_BOOL_CONVERSION = YES;
				CLANG_WARN_COMMA = YES;
				CLANG_WARN_CONSTANT_CONVERSION = YES;
				CLANG_WARN_DEPRECATED_OBJC_IMPLEMENTATIONS = YES;
				CLANG_WARN_DIRECT_OBJC_ISA_USAGE = YES_ERROR;
				CLANG_WARN_DOCUMENTATION_COMMENTS = YES;
				CLANG_WARN_EMPTY_BODY = YES;
				CLANG_WARN_ENUM_CONVERSION = YES;
				CLANG_WARN_INFINITE_RECURSION = YES;
				CLANG_WARN_INT_CONVERSION = YES;
				CLANG_WARN_NON_LITERAL_NULL_CONVERSION = YES;
				CLANG_WARN_OBJC_IMPLICIT_RETAIN_SELF = YES;
				CLANG_WARN_OBJC_LITERAL_CONVERSION = YES;
				CLANG_WARN_OBJC_ROOT_CLASS = YES_ERROR;
				CLANG_WARN_QUOTED_INCLUDE_IN_FRAMEWORK_HEADER = YES;
				CLANG_WARN_RANGE_LOOP_ANALYSIS = YES;
				CLANG_WARN_STRICT_PROTOTYPES = YES;
				CLANG_WARN_SUSPICIOUS_MOVE = YES;
				CLANG_WARN_UNGUARDED_AVAILABILITY = YES_AGGRESSIVE;
				CLANG_WARN_UNREACHABLE_CODE = YES;
				CLANG_WARN__DUPLICATE_METHOD_MATCH = YES;
				COPY_PHASE_STRIP = NO;
				DEBUG_INFORMATION_FORMAT = dwarf;
				ENABLE_STRICT_OBJC_MSGSEND = YES;
				ENABLE_TESTABILITY = YES;
				GCC_C_LANGUAGE_STANDARD = gnu11;
				GCC_DYNAMIC_NO_PIC = NO;
				GCC_NO_COMMON_BLOCKS = YES;
				GCC_OPTIMIZATION_LEVEL = 0;
				GCC_PREPROCESSOR_DEFINITIONS = (
					"DEBUG=1",
					"$(inherited)",
				);
				GCC_WARN_64_TO_32_BIT_CONVERSION = YES;
				GCC_WARN_ABOUT_RETURN_TYPE = YES_ERROR;
				GCC_WARN_UNDECLARED_SELECTOR = YES;
				GCC_WARN_UNINITIALIZED_AUTOS = YES_AGGRESSIVE;
				GCC_WARN_UNUSED_FUNCTION = YES;
				GCC_WARN_UNUSED_VARIABLE = YES;
				IPHONEOS_DEPLOYMENT_TARGET = 15.2;
				MTL_ENABLE_DEBUG_INFO = INCLUDE_SOURCE;
				MTL_FAST_MATH = YES;
				ONLY_ACTIVE_ARCH = YES;
				SDKROOT = iphoneos;
				SWIFT_ACTIVE_COMPILATION_CONDITIONS = DEBUG;
				SWIFT_OPTIMIZATION_LEVEL = "-Onone";
			};
			name = Debug;
		};
		7B7D6F1828F93D7F00FC43DD /* Release */ = {
			isa = XCBuildConfiguration;
			buildSettings = {
				ALWAYS_SEARCH_USER_PATHS = NO;
				CLANG_ANALYZER_NONNULL = YES;
				CLANG_ANALYZER_NUMBER_OBJECT_CONVERSION = YES_AGGRESSIVE;
				CLANG_CXX_LANGUAGE_STANDARD = "gnu++17";
				CLANG_CXX_LIBRARY = "libc++";
				CLANG_ENABLE_MODULES = YES;
				CLANG_ENABLE_OBJC_ARC = YES;
				CLANG_ENABLE_OBJC_WEAK = YES;
				CLANG_WARN_BLOCK_CAPTURE_AUTORELEASING = YES;
				CLANG_WARN_BOOL_CONVERSION = YES;
				CLANG_WARN_COMMA = YES;
				CLANG_WARN_CONSTANT_CONVERSION = YES;
				CLANG_WARN_DEPRECATED_OBJC_IMPLEMENTATIONS = YES;
				CLANG_WARN_DIRECT_OBJC_ISA_USAGE = YES_ERROR;
				CLANG_WARN_DOCUMENTATION_COMMENTS = YES;
				CLANG_WARN_EMPTY_BODY = YES;
				CLANG_WARN_ENUM_CONVERSION = YES;
				CLANG_WARN_INFINITE_RECURSION = YES;
				CLANG_WARN_INT_CONVERSION = YES;
				CLANG_WARN_NON_LITERAL_NULL_CONVERSION = YES;
				CLANG_WARN_OBJC_IMPLICIT_RETAIN_SELF = YES;
				CLANG_WARN_OBJC_LITERAL_CONVERSION = YES;
				CLANG_WARN_OBJC_ROOT_CLASS = YES_ERROR;
				CLANG_WARN_QUOTED_INCLUDE_IN_FRAMEWORK_HEADER = YES;
				CLANG_WARN_RANGE_LOOP_ANALYSIS = YES;
				CLANG_WARN_STRICT_PROTOTYPES = YES;
				CLANG_WARN_SUSPICIOUS_MOVE = YES;
				CLANG_WARN_UNGUARDED_AVAILABILITY = YES_AGGRESSIVE;
				CLANG_WARN_UNREACHABLE_CODE = YES;
				CLANG_WARN__DUPLICATE_METHOD_MATCH = YES;
				COPY_PHASE_STRIP = NO;
				DEBUG_INFORMATION_FORMAT = "dwarf-with-dsym";
				ENABLE_NS_ASSERTIONS = NO;
				ENABLE_STRICT_OBJC_MSGSEND = YES;
				GCC_C_LANGUAGE_STANDARD = gnu11;
				GCC_NO_COMMON_BLOCKS = YES;
				GCC_WARN_64_TO_32_BIT_CONVERSION = YES;
				GCC_WARN_ABOUT_RETURN_TYPE = YES_ERROR;
				GCC_WARN_UNDECLARED_SELECTOR = YES;
				GCC_WARN_UNINITIALIZED_AUTOS = YES_AGGRESSIVE;
				GCC_WARN_UNUSED_FUNCTION = YES;
				GCC_WARN_UNUSED_VARIABLE = YES;
				IPHONEOS_DEPLOYMENT_TARGET = 15.2;
				MTL_ENABLE_DEBUG_INFO = NO;
				MTL_FAST_MATH = YES;
				SDKROOT = iphoneos;
				SWIFT_COMPILATION_MODE = wholemodule;
				SWIFT_OPTIMIZATION_LEVEL = "-O";
				VALIDATE_PRODUCT = YES;
			};
			name = Release;
		};
		7B7D6F1A28F93D7F00FC43DD /* Debug */ = {
			isa = XCBuildConfiguration;
			buildSettings = {
				ASSETCATALOG_COMPILER_APPICON_NAME = AppIcon;
				ASSETCATALOG_COMPILER_GLOBAL_ACCENT_COLOR_NAME = AccentColor;
				CODE_SIGN_STYLE = Automatic;
				CURRENT_PROJECT_VERSION = 1;
				DEVELOPMENT_ASSET_PATHS = "\"PathDemo/Preview Content\"";
				DEVELOPMENT_TEAM = H967UWW5LD;
				ENABLE_PREVIEWS = YES;
				GENERATE_INFOPLIST_FILE = YES;
				INFOPLIST_KEY_UIApplicationSceneManifest_Generation = YES;
				INFOPLIST_KEY_UIApplicationSupportsIndirectInputEvents = YES;
				INFOPLIST_KEY_UILaunchScreen_Generation = YES;
				INFOPLIST_KEY_UISupportedInterfaceOrientations_iPad = "UIInterfaceOrientationPortrait UIInterfaceOrientationPortraitUpsideDown UIInterfaceOrientationLandscapeLeft UIInterfaceOrientationLandscapeRight";
				INFOPLIST_KEY_UISupportedInterfaceOrientations_iPhone = "UIInterfaceOrientationPortrait UIInterfaceOrientationLandscapeLeft UIInterfaceOrientationLandscapeRight";
				LD_RUNPATH_SEARCH_PATHS = (
					"$(inherited)",
					"@executable_path/Frameworks",
				);
				MARKETING_VERSION = 1.0;
				PRODUCT_BUNDLE_IDENTIFIER = com.alonster.PathDemo;
				PRODUCT_NAME = "$(TARGET_NAME)";
				SWIFT_EMIT_LOC_STRINGS = YES;
				SWIFT_VERSION = 5.0;
				TARGETED_DEVICE_FAMILY = "1,2";
			};
			name = Debug;
		};
		7B7D6F1B28F93D7F00FC43DD /* Release */ = {
			isa = XCBuildConfiguration;
			buildSettings = {
				ASSETCATALOG_COMPILER_APPICON_NAME = AppIcon;
				ASSETCATALOG_COMPILER_GLOBAL_ACCENT_COLOR_NAME = AccentColor;
				CODE_SIGN_STYLE = Automatic;
				CURRENT_PROJECT_VERSION = 1;
				DEVELOPMENT_ASSET_PATHS = "\"PathDemo/Preview Content\"";
				DEVELOPMENT_TEAM = H967UWW5LD;
				ENABLE_PREVIEWS = YES;
				GENERATE_INFOPLIST_FILE = YES;
				INFOPLIST_KEY_UIApplicationSceneManifest_Generation = YES;
				INFOPLIST_KEY_UIApplicationSupportsIndirectInputEvents = YES;
				INFOPLIST_KEY_UILaunchScreen_Generation = YES;
				INFOPLIST_KEY_UISupportedInterfaceOrientations_iPad = "UIInterfaceOrientationPortrait UIInterfaceOrientationPortraitUpsideDown UIInterfaceOrientationLandscapeLeft UIInterfaceOrientationLandscapeRight";
				INFOPLIST_KEY_UISupportedInterfaceOrientations_iPhone = "UIInterfaceOrientationPortrait UIInterfaceOrientationLandscapeLeft UIInterfaceOrientationLandscapeRight";
				LD_RUNPATH_SEARCH_PATHS = (
					"$(inherited)",
					"@executable_path/Frameworks",
				);
				MARKETING_VERSION = 1.0;
				PRODUCT_BUNDLE_IDENTIFIER = com.alonster.PathDemo;
				PRODUCT_NAME = "$(TARGET_NAME)";
				SWIFT_EMIT_LOC_STRINGS = YES;
				SWIFT_VERSION = 5.0;
				TARGETED_DEVICE_FAMILY = "1,2";
			};
			name = Release;
		};
/* End XCBuildConfiguration section */

/* Begin XCConfigurationList section */
		7B7D6F0628F93D7E00FC43DD /* Build configuration list for PBXProject "PathDemo" */ = {
			isa = XCConfigurationList;
			buildConfigurations = (
				7B7D6F1728F93D7F00FC43DD /* Debug */,
				7B7D6F1828F93D7F00FC43DD /* Release */,
			);
			defaultConfigurationIsVisible = 0;
			defaultConfigurationName = Release;
		};
		7B7D6F1928F93D7F00FC43DD /* Build configuration list for PBXNativeTarget "PathDemo" */ = {
			isa = XCConfigurationList;
			buildConfigurations = (
				7B7D6F1A28F93D7F00FC43DD /* Debug */,
				7B7D6F1B28F93D7F00FC43DD /* Release */,
			);
			defaultConfigurationIsVisible = 0;
			defaultConfigurationName = Release;
		};
/* End XCConfigurationList section */

/* Begin XCSwiftPackageProductDependency section */
		7B7D6F2328F941A300FC43DD /* PathFinder */ = {
			isa = XCSwiftPackageProductDependency;
			productName = PathFinder;
		};
/* End XCSwiftPackageProductDependency section */
	};
	rootObject = 7B7D6F0328F93D7E00FC43DD /* Project object */;
}
